golang.org/x/net v0.0.0-20210119194325-5f4716e94777 h1:003p0dJM77cxMSyCPFphvZf/Y5/NXf5fzg6ufd1/Oew=
golang.org/x/net v0.0.0-20210119194325-5f4716e94777/go.mod h1:m0MpNAwzfU5UDzcl9v0D8zg8gWTRqZa9RBIspLL5mdg=
golang.org/x/sys v0.0.0-20201119102817-f84b799fce68/go.mod h1:h1NjWce9XRLGQEsW7wpKNCjG9DtNlClVuFLEZdDNbEs=
golang.org/x/term v0.0.0-20201126162022-7de9c90e9dd1/go.mod h1:bj7SfCRtBDWHUb9snDiAeCFNEtKQo2Wmx5Cou7ajbmo=
golang.org/x/text v0.3.3/go.mod h1:5Zoc/QRtKVWzQhOtBMvqHzDpF6irO9z98xDceosuGiQ=
golang.org/x/tools v0.0.0-20180917221912-90fa682c2a6e/go.mod h1:n7NCudcB/nEzxVGmLbDWY5pfWTLqBcC2KZ6jyYvM4mQ=
vimagination.zapto.org/authenticate v0.0.0-20200222183941-b1a68429295c h1:h6vTu9TsUQb/zLVqesEP/rusCcl225AJ1ztPlwpXW4o=
vimagination.zapto.org/authenticate v0.0.0-20200222183941-b1a68429295c/go.mod h1:YfddapgT/AVNsjGL5wZ5gsVPjLur7oLw1ZEXOYL19pw=
vimagination.zapto.org/byteio v0.0.0-20200608082009-ae680929f676 h1:14MnnTdnMAOdJVphtWa1YDUHXRCwm2wB1YWLW2GrnqU=
vimagination.zapto.org/byteio v0.0.0-20200608082009-ae680929f676/go.mod h1:fl9OF22g6MTKgvHA1hqMXe/L7+ULWofVTwbC9loGu7A=
vimagination.zapto.org/httpaccept v0.0.0-20200314191426-3dbdf1d7ec5c h1:lNdl9rFOMsi+JaVhvOY2pojPh+E/WnsfGmUhq5r+wqA=
vimagination.zapto.org/httpaccept v0.0.0-20200314191426-3dbdf1d7ec5c/go.mod h1:tWlFvS6CegbeaOZZFC9NXIRa+Xb9wqMNlpCa0zxQBZw=
vimagination.zapto.org/httpdir v0.0.0-20200410121005-508c78ebcc4d h1:HpRao5n2ocF+kx6m+e+f1duTinb/2nSfRx5PpRlM54A=
vimagination.zapto.org/httpdir v0.0.0-20200410121005-508c78ebcc4d/go.mod h1:wguXbVsxlad7AMVFp1blNM1H/AwjfkfG5I709wmV8xQ=
vimagination.zapto.org/httpencoding v0.0.0-20200308201051-11896c622dd3 h1:1YbOB/k0ab//SmuieOpa6iIqwBHB8o9DFKxJxNpefI0=
vimagination.zapto.org/httpencoding v0.0.0-20200308201051-11896c622dd3/go.mod h1:J2hxhPn3VjWestQQ036OYpDwwerfvIHmbtmTqpKVe0w=
vimagination.zapto.org/httpgzip v0.0.0-20200314191905-465154311b64 h1:zT+jGHs0HTSnGMHZbyQFo7rFARYBifX81gBr9yOtMcg=
vimagination.zapto.org/httpgzip v0.0.0-20200314191905-465154311b64/go.mod h1:r+Ov8b0KCRS0wERXaL90yCkVyhecSARFdYRfWlAv9Q8=
vimagination.zapto.org/jsonrpc v0.0.0-20200927070407-4289a25fb981 h1:bXNUI484X8nybC2R2J7UEy/o/he5gwBb4i7g87H9Fvs=
vimagination.zapto.org/jsonrpc v0.0.0-20200927070407-4289a25fb981/go.mod h1:CEbi2Dg3ZtGWqEzqfj9HG/7XIuOxRoSBzeqVz2iLG5E=
vimagination.zapto.org/keystore v0.0.0-20200316203943-09c762ef5d30 h1:fWwKz65WX//FGC2HIkdKz6A2n6l+UmCgE/Yf+HUoIY8=
vimagination.zapto.org/keystore v0.0.0-20200316203943-09c762ef5d30/go.mod h1:waORSQgmGWovVp5PeLJykW2sqZKoVol+ZEDm2sf4VaA=
vimagination.zapto.org/memio v0.0.0-20200222190306-588ebc67b97d h1:Mp6WiHHuiwHaknxTdxJ8pvC9/B4pOgW1PamKGexG7Fs=
vimagination.zapto.org/memio v0.0.0-20200222190306-588ebc67b97d/go.mod h1:zHGDKp2tyvF4IAfLti4pKYqCJucXYmmKMb3UMrCHK/4=
vimagination.zapto.org/rwcount v0.0.0-20190223222239-1da74d07801f h1:ar4f3c6dBqN2RvBFvUcPpaXhKhYX+IZQj6rfCGgPJ3M=
vimagination.zapto.org/rwcount v0.0.0-20190223222239-1da74d07801f/go.mod h1:lEj30C0ND1gyqNDORmrBL8iFUVMOmQpVhod5VBIsems=
vimagination.zapto.org/sessions v0.0.0-20191113152839-5015073143c1 h1:ohysAwu/+lf860jUal8nMrn06iIDPGdutdAl5n6yYSg=
vimagination.zapto.org/sessions v0.0.0-20191113152839-5015073143c1/go.mod h1:5MejmLhsab8lVYlA1DRuh6Dk1uhGhf++3O+uw/YhxQE=
