golang.org/x/net v0.39.0 h1:ZCu7HMWDxpXpaiKdhzIfaltL9Lp31x/3fCP11bc6/fY=
golang.org/x/net v0.39.0/go.mod h1:X7NRbYVEA+ewNkCNyJ513WmMdQ3BineSwVtN2zD/d+E=
vimagination.zapto.org/authenticate v1.0.0 h1:eLzBv0txcEVt3l3N6n9QOMPC1rGtEzLvswH5P+8g1BM=
vimagination.zapto.org/authenticate v1.0.0/go.mod h1:YfddapgT/AVNsjGL5wZ5gsVPjLur7oLw1ZEXOYL19pw=
vimagination.zapto.org/byteio v1.0.0/go.mod h1:l8m3xQOVMUWs7Sjbd3s+yWt7JIoSBc/35Hxm1F/QiAw=
vimagination.zapto.org/byteio v1.0.3 h1:OikabfK9LHBH1+jFUaMOdZ5KSueJ4LNJMTDUnnR21cg=
vimagination.zapto.org/byteio v1.0.3/go.mod h1:wd40f4fNg/FXkhOlTeB5B2G8bSLrMH6YX6PDtq3cApo=
vimagination.zapto.org/httpdir v1.1.0 h1:5VT2vx+HwmetwG2XtydfjezV/LVsF/UXcCkq8L04OPo=
vimagination.zapto.org/httpdir v1.1.0/go.mod h1:XusgMA/G5q27g34kBWYXJkD+S74/wWKPiUcpTZbLBz8=
vimagination.zapto.org/httpembed v1.1.0 h1:kSYES99iIJbykuGdqWWVqLH3wugx9MbZp7jRu3Udk3w=
vimagination.zapto.org/httpembed v1.1.0/go.mod h1:KisxwMttkPHTWI3yvzBOr5wJy6s157L+yD0xpCauDqM=
vimagination.zapto.org/httpencoding v1.0.0 h1:sSibnPq1pKROK4IBTNNCAKRPCijIZAaMQUBf/Mn5GA0=
vimagination.zapto.org/httpencoding v1.0.0/go.mod h1:J2hxhPn3VjWestQQ036OYpDwwerfvIHmbtmTqpKVe0w=
vimagination.zapto.org/httpgzip v1.0.0 h1:MWO7vEnU0qyDZ4YOS+OAXjUmIeZP7uggW6fNd7OOjd4=
vimagination.zapto.org/httpgzip v1.0.0/go.mod h1:4/pyxYYHgAgP4V0u+lbqbvKiM+XlQdSkiSxty0EJl2I=
vimagination.zapto.org/jsonrpc v1.1.0 h1:n24LRTGvQcD0OCjXVUm5iC0dIGm4jkmgdesPDGS2uC0=
vimagination.zapto.org/jsonrpc v1.1.0/go.mod h1:CEbi2Dg3ZtGWqEzqfj9HG/7XIuOxRoSBzeqVz2iLG5E=
vimagination.zapto.org/keystore v1.0.0 h1:NMiBZgaWbZYIOPGg6+XZM625CMQD2bB8f/YFQphlg5Q=
vimagination.zapto.org/keystore v1.0.0/go.mod h1:CydPjBecjKj1HvYn0AK4VBy7UHmEB1MUynFJeBBaQso=
vimagination.zapto.org/memio v0.0.0-20200222190306-588ebc67b97d/go.mod h1:zHGDKp2tyvF4IAfLti4pKYqCJucXYmmKMb3UMrCHK/4=
vimagination.zapto.org/memio v1.0.0 h1:r0GDf430aNuGpOAV57UTvbUzAf82UclRyGG/pBp1uvU=
vimagination.zapto.org/memio v1.0.0/go.mod h1:zHGDKp2tyvF4IAfLti4pKYqCJucXYmmKMb3UMrCHK/4=
vimagination.zapto.org/rwcount v1.1.1 h1:ymxj9pEofsdSuyQSK+ha9MHxXuWiKIDvjei8lgsTCfM=
vimagination.zapto.org/rwcount v1.1.1/go.mod h1:lEj30C0ND1gyqNDORmrBL8iFUVMOmQpVhod5VBIsems=
vimagination.zapto.org/sessions v1.0.0 h1:c5O+bnpOie1eLBMepglATqe7KJVjluB9EyTfehMBIVs=
vimagination.zapto.org/sessions v1.0.0/go.mod h1:iL8swMjXsFTLK2yyGQQQosPlK3vUFCWUIlQK5OIZq8I=
